
Microsoft Visual Studio Solution File, Format Version 12.00
Project("{FAE04EC0-301F-11D3-BF4B-00C04F79EFBC}") = "UlernGame.Form", "UlernGame.Form\UlernGame.Form.csproj", "{A74CB747-B5FD-422C-B125-F3D392DFD181}"
EndProject
Project("{FAE04EC0-301F-11D3-BF4B-00C04F79EFBC}") = "UlernGame.Model", "UlernGame.Model\UlernGame.Model.csproj", "{2467FF11-8AF7-4E96-8DF8-13C0BD27DBBA}"
EndProject
Global
	GlobalSection(SolutionConfigurationPlatforms) = preSolution
		Debug|Any CPU = Debug|Any CPU
		Release|Any CPU = Release|Any CPU
	EndGlobalSection
	GlobalSection(ProjectConfigurationPlatforms) = postSolution
		{A74CB747-B5FD-422C-B125-F3D392DFD181}.Debug|Any CPU.ActiveCfg = Debug|Any CPU
		{A74CB747-B5FD-422C-B125-F3D392DFD181}.Debug|Any CPU.Build.0 = Debug|Any CPU
		{A74CB747-B5FD-422C-B125-F3D392DFD181}.Release|Any CPU.ActiveCfg = Release|Any CPU
		{A74CB747-B5FD-422C-B125-F3D392DFD181}.Release|Any CPU.Build.0 = Release|Any CPU
		{2467FF11-8AF7-4E96-8DF8-13C0BD27DBBA}.Debug|Any CPU.ActiveCfg = Debug|Any CPU
		{2467FF11-8AF7-4E96-8DF8-13C0BD27DBBA}.Debug|Any CPU.Build.0 = Debug|Any CPU
		{2467FF11-8AF7-4E96-8DF8-13C0BD27DBBA}.Release|Any CPU.ActiveCfg = Release|Any CPU
		{2467FF11-8AF7-4E96-8DF8-13C0BD27DBBA}.Release|Any CPU.Build.0 = Release|Any CPU
	EndGlobalSection
EndGlobal
